// !$*UTF8*$!
{
	archiveVersion = 1;
	classes = {
	};
	objectVersion = 51;
	objects = {

/* Begin PBXBuildFile section */
		181823CB23B48ED700102AF6 /* Nemesis - Kobe (Official)3.mp3 in Resources */ = {isa = PBXBuildFile; fileRef = 181823C923B48ED700102AF6 /* Nemesis - Kobe (Official)3.mp3 */; };
		181823CC23B48ED700102AF6 /* Nemesis - Kobe (Official)2.mp3 in Resources */ = {isa = PBXBuildFile; fileRef = 181823CA23B48ED700102AF6 /* Nemesis - Kobe (Official)2.mp3 */; };
		181823CE23B4AF2000102AF6 /* SongDataModel.swift in Sources */ = {isa = PBXBuildFile; fileRef = 181823CD23B4AF2000102AF6 /* SongDataModel.swift */; };
		1851D02123B1DAE100D6FEDD /* Nemesis - Kobe (Official).mp3 in Resources */ = {isa = PBXBuildFile; fileRef = 1851D02023B1DAE100D6FEDD /* Nemesis - Kobe (Official).mp3 */; };
		1858D46E23B607E200938481 /* GlobalVariables.swift in Sources */ = {isa = PBXBuildFile; fileRef = 1858D46D23B607E200938481 /* GlobalVariables.swift */; };
		186E8D0123B9A6FE006CC685 /* DropboxHandler.swift in Sources */ = {isa = PBXBuildFile; fileRef = 186E8D0023B9A6FE006CC685 /* DropboxHandler.swift */; };
		187CEB6823B462BE00A5E1B4 /* SongListViewController.swift in Sources */ = {isa = PBXBuildFile; fileRef = 187CEB6723B462BE00A5E1B4 /* SongListViewController.swift */; };
		187CEB6C23B4636900A5E1B4 /* SongTableViewCell.swift in Sources */ = {isa = PBXBuildFile; fileRef = 187CEB6B23B4636900A5E1B4 /* SongTableViewCell.swift */; };
		187CEB6E23B47E9200A5E1B4 /* SongListViewControllerHelper.swift in Sources */ = {isa = PBXBuildFile; fileRef = 187CEB6D23B47E9200A5E1B4 /* SongListViewControllerHelper.swift */; };
		18A5E62B23B0BE3500D33692 /* AppDelegate.swift in Sources */ = {isa = PBXBuildFile; fileRef = 18A5E62A23B0BE3500D33692 /* AppDelegate.swift */; };
		18A5E62D23B0BE3500D33692 /* SceneDelegate.swift in Sources */ = {isa = PBXBuildFile; fileRef = 18A5E62C23B0BE3500D33692 /* SceneDelegate.swift */; };
		18A5E62F23B0BE3500D33692 /* MusicPlayerViewController.swift in Sources */ = {isa = PBXBuildFile; fileRef = 18A5E62E23B0BE3500D33692 /* MusicPlayerViewController.swift */; };
		18A5E63223B0BE3500D33692 /* Main.storyboard in Resources */ = {isa = PBXBuildFile; fileRef = 18A5E63023B0BE3500D33692 /* Main.storyboard */; };
		18A5E63423B0BE3600D33692 /* Assets.xcassets in Resources */ = {isa = PBXBuildFile; fileRef = 18A5E63323B0BE3600D33692 /* Assets.xcassets */; };
		18A5E63723B0BE3600D33692 /* LaunchScreen.storyboard in Resources */ = {isa = PBXBuildFile; fileRef = 18A5E63523B0BE3600D33692 /* LaunchScreen.storyboard */; };
		E66C2D12FA2D59F038659036 /* Pods_Custom_Music_Player.framework in Frameworks */ = {isa = PBXBuildFile; fileRef = 747719BE7B9CC97696486AA8 /* Pods_Custom_Music_Player.framework */; };
/* End PBXBuildFile section */

/* Begin PBXFileReference section */
		181823C923B48ED700102AF6 /* Nemesis - Kobe (Official)3.mp3 */ = {isa = PBXFileReference; lastKnownFileType = audio.mp3; path = "Nemesis - Kobe (Official)3.mp3"; sourceTree = "<group>"; };
		181823CA23B48ED700102AF6 /* Nemesis - Kobe (Official)2.mp3 */ = {isa = PBXFileReference; lastKnownFileType = audio.mp3; path = "Nemesis - Kobe (Official)2.mp3"; sourceTree = "<group>"; };
		181823CD23B4AF2000102AF6 /* SongDataModel.swift */ = {isa = PBXFileReference; lastKnownFileType = sourcecode.swift; path = SongDataModel.swift; sourceTree = "<group>"; };
		1851D01723B1CD5B00D6FEDD /* AVFoundation.framework */ = {isa = PBXFileReference; lastKnownFileType = wrapper.framework; name = AVFoundation.framework; path = System/Library/Frameworks/AVFoundation.framework; sourceTree = SDKROOT; };
		1851D02023B1DAE100D6FEDD /* Nemesis - Kobe (Official).mp3 */ = {isa = PBXFileReference; lastKnownFileType = audio.mp3; path = "Nemesis - Kobe (Official).mp3"; sourceTree = "<group>"; };
		1858D46D23B607E200938481 /* GlobalVariables.swift */ = {isa = PBXFileReference; lastKnownFileType = sourcecode.swift; path = GlobalVariables.swift; sourceTree = "<group>"; };
		186E8D0023B9A6FE006CC685 /* DropboxHandler.swift */ = {isa = PBXFileReference; lastKnownFileType = sourcecode.swift; path = DropboxHandler.swift; sourceTree = "<group>"; };
		187CEB6723B462BE00A5E1B4 /* SongListViewController.swift */ = {isa = PBXFileReference; lastKnownFileType = sourcecode.swift; path = SongListViewController.swift; sourceTree = "<group>"; };
		187CEB6B23B4636900A5E1B4 /* SongTableViewCell.swift */ = {isa = PBXFileReference; lastKnownFileType = sourcecode.swift; path = SongTableViewCell.swift; sourceTree = "<group>"; };
		187CEB6D23B47E9200A5E1B4 /* SongListViewControllerHelper.swift */ = {isa = PBXFileReference; lastKnownFileType = sourcecode.swift; path = SongListViewControllerHelper.swift; sourceTree = "<group>"; };
		18A5E62723B0BE3500D33692 /* Custom Music Player.app */ = {isa = PBXFileReference; explicitFileType = wrapper.application; includeInIndex = 0; path = "Custom Music Player.app"; sourceTree = BUILT_PRODUCTS_DIR; };
		18A5E62A23B0BE3500D33692 /* AppDelegate.swift */ = {isa = PBXFileReference; lastKnownFileType = sourcecode.swift; path = AppDelegate.swift; sourceTree = "<group>"; };
		18A5E62C23B0BE3500D33692 /* SceneDelegate.swift */ = {isa = PBXFileReference; lastKnownFileType = sourcecode.swift; path = SceneDelegate.swift; sourceTree = "<group>"; };
		18A5E62E23B0BE3500D33692 /* MusicPlayerViewController.swift */ = {isa = PBXFileReference; lastKnownFileType = sourcecode.swift; path = MusicPlayerViewController.swift; sourceTree = "<group>"; };
		18A5E63123B0BE3500D33692 /* Base */ = {isa = PBXFileReference; lastKnownFileType = file.storyboard; name = Base; path = Base.lproj/Main.storyboard; sourceTree = "<group>"; };
		18A5E63323B0BE3600D33692 /* Assets.xcassets */ = {isa = PBXFileReference; lastKnownFileType = folder.assetcatalog; path = Assets.xcassets; sourceTree = "<group>"; };
		18A5E63623B0BE3600D33692 /* Base */ = {isa = PBXFileReference; lastKnownFileType = file.storyboard; name = Base; path = Base.lproj/LaunchScreen.storyboard; sourceTree = "<group>"; };
		18A5E63823B0BE3600D33692 /* Info.plist */ = {isa = PBXFileReference; lastKnownFileType = text.plist.xml; path = Info.plist; sourceTree = "<group>"; };
		30055FA0B11ACE8B39D31ECB /* Pods-Custom Music Player.debug.xcconfig */ = {isa = PBXFileReference; includeInIndex = 1; lastKnownFileType = text.xcconfig; name = "Pods-Custom Music Player.debug.xcconfig"; path = "Target Support Files/Pods-Custom Music Player/Pods-Custom Music Player.debug.xcconfig"; sourceTree = "<group>"; };
		747719BE7B9CC97696486AA8 /* Pods_Custom_Music_Player.framework */ = {isa = PBXFileReference; explicitFileType = wrapper.framework; includeInIndex = 0; path = Pods_Custom_Music_Player.framework; sourceTree = BUILT_PRODUCTS_DIR; };
		7A58766006DEFED93AC88E3C /* Pods-Custom Music Player.release.xcconfig */ = {isa = PBXFileReference; includeInIndex = 1; lastKnownFileType = text.xcconfig; name = "Pods-Custom Music Player.release.xcconfig"; path = "Target Support Files/Pods-Custom Music Player/Pods-Custom Music Player.release.xcconfig"; sourceTree = "<group>"; };
/* End PBXFileReference section */

/* Begin PBXFrameworksBuildPhase section */
		18A5E62423B0BE3500D33692 /* Frameworks */ = {
			isa = PBXFrameworksBuildPhase;
			buildActionMask = 2147483647;
			files = (
				E66C2D12FA2D59F038659036 /* Pods_Custom_Music_Player.framework in Frameworks */,
			);
			runOnlyForDeploymentPostprocessing = 0;
		};
/* End PBXFrameworksBuildPhase section */

/* Begin PBXGroup section */
		1851D01623B1CD5A00D6FEDD /* Frameworks */ = {
			isa = PBXGroup;
			children = (
				1851D01723B1CD5B00D6FEDD /* AVFoundation.framework */,
				747719BE7B9CC97696486AA8 /* Pods_Custom_Music_Player.framework */,
			);
			name = Frameworks;
			sourceTree = "<group>";
		};
		1851D01F23B1DAC700D6FEDD /* Sounds */ = {
			isa = PBXGroup;
			children = (
				181823CA23B48ED700102AF6 /* Nemesis - Kobe (Official)2.mp3 */,
				181823C923B48ED700102AF6 /* Nemesis - Kobe (Official)3.mp3 */,
				1851D02023B1DAE100D6FEDD /* Nemesis - Kobe (Official).mp3 */,
			);
			path = Sounds;
			sourceTree = "<group>";
		};
		1858D46C23B607C300938481 /* Global variables */ = {
			isa = PBXGroup;
			children = (
				1858D46D23B607E200938481 /* GlobalVariables.swift */,
			);
			path = "Global variables";
			sourceTree = "<group>";
		};
		186E8CFF23B9A698006CC685 /* Other handlers */ = {
			isa = PBXGroup;
			children = (
				186E8D0023B9A6FE006CC685 /* DropboxHandler.swift */,
			);
			path = "Other handlers";
			sourceTree = "<group>";
		};
		18A5E61E23B0BE3500D33692 = {
			isa = PBXGroup;
			children = (
				18A5E62923B0BE3500D33692 /* Custom Music Player */,
				18A5E62823B0BE3500D33692 /* Products */,
				1851D01623B1CD5A00D6FEDD /* Frameworks */,
				59FC81E90DB51B59D1A64746 /* Pods */,
			);
			sourceTree = "<group>";
		};
		18A5E62823B0BE3500D33692 /* Products */ = {
			isa = PBXGroup;
			children = (
				18A5E62723B0BE3500D33692 /* Custom Music Player.app */,
			);
			name = Products;
			sourceTree = "<group>";
		};
		18A5E62923B0BE3500D33692 /* Custom Music Player */ = {
			isa = PBXGroup;
			children = (
				186E8CFF23B9A698006CC685 /* Other handlers */,
				1858D46C23B607C300938481 /* Global variables */,
				1851D01F23B1DAC700D6FEDD /* Sounds */,
				18A5E64123B0CE8100D33692 /* Model */,
				18A5E64023B0CE7100D33692 /* View-Models */,
				18A5E63F23B0CE6B00D33692 /* Views */,
				18A5E63E23B0CE5900D33692 /* Controllers */,
				18A5E62A23B0BE3500D33692 /* AppDelegate.swift */,
				18A5E62C23B0BE3500D33692 /* SceneDelegate.swift */,
				18A5E63023B0BE3500D33692 /* Main.storyboard */,
				18A5E63323B0BE3600D33692 /* Assets.xcassets */,
				18A5E63523B0BE3600D33692 /* LaunchScreen.storyboard */,
				18A5E63823B0BE3600D33692 /* Info.plist */,
			);
			path = "Custom Music Player";
			sourceTree = "<group>";
		};
		18A5E63E23B0CE5900D33692 /* Controllers */ = {
			isa = PBXGroup;
			children = (
				187CEB6723B462BE00A5E1B4 /* SongListViewController.swift */,
				18A5E62E23B0BE3500D33692 /* MusicPlayerViewController.swift */,
			);
			path = Controllers;
			sourceTree = "<group>";
		};
		18A5E63F23B0CE6B00D33692 /* Views */ = {
			isa = PBXGroup;
			children = (
				187CEB6B23B4636900A5E1B4 /* SongTableViewCell.swift */,
			);
			path = Views;
			sourceTree = "<group>";
		};
		18A5E64023B0CE7100D33692 /* View-Models */ = {
			isa = PBXGroup;
			children = (
				187CEB6D23B47E9200A5E1B4 /* SongListViewControllerHelper.swift */,
			);
			path = "View-Models";
			sourceTree = "<group>";
		};
		18A5E64123B0CE8100D33692 /* Model */ = {
			isa = PBXGroup;
			children = (
				181823CD23B4AF2000102AF6 /* SongDataModel.swift */,
			);
			path = Model;
			sourceTree = "<group>";
		};
		59FC81E90DB51B59D1A64746 /* Pods */ = {
			isa = PBXGroup;
			children = (
				30055FA0B11ACE8B39D31ECB /* Pods-Custom Music Player.debug.xcconfig */,
				7A58766006DEFED93AC88E3C /* Pods-Custom Music Player.release.xcconfig */,
			);
			path = Pods;
			sourceTree = "<group>";
		};
/* End PBXGroup section */

/* Begin PBXNativeTarget section */
		18A5E62623B0BE3500D33692 /* Custom Music Player */ = {
			isa = PBXNativeTarget;
			buildConfigurationList = 18A5E63B23B0BE3600D33692 /* Build configuration list for PBXNativeTarget "Custom Music Player" */;
			buildPhases = (
				E0E6B47F9D04F3773F6370E5 /* [CP] Check Pods Manifest.lock */,
				18A5E62323B0BE3500D33692 /* Sources */,
				18A5E62423B0BE3500D33692 /* Frameworks */,
				18A5E62523B0BE3500D33692 /* Resources */,
				32DE18ECC3222312A77919E7 /* [CP] Embed Pods Frameworks */,
			);
			buildRules = (
			);
			dependencies = (
			);
			name = "Custom Music Player";
			productName = "Custom Music Player";
			productReference = 18A5E62723B0BE3500D33692 /* Custom Music Player.app */;
			productType = "com.apple.product-type.application";
		};
/* End PBXNativeTarget section */

/* Begin PBXProject section */
		18A5E61F23B0BE3500D33692 /* Project object */ = {
			isa = PBXProject;
			attributes = {
				LastSwiftUpdateCheck = 1120;
				LastUpgradeCheck = 1120;
				ORGANIZATIONNAME = Tashreque;
				TargetAttributes = {
					18A5E62623B0BE3500D33692 = {
						CreatedOnToolsVersion = 11.2.1;
					};
				};
			};
			buildConfigurationList = 18A5E62223B0BE3500D33692 /* Build configuration list for PBXProject "Custom Music Player" */;
			compatibilityVersion = "Xcode 9.3";
			developmentRegion = en;
			hasScannedForEncodings = 0;
			knownRegions = (
				en,
				Base,
			);
			mainGroup = 18A5E61E23B0BE3500D33692;
			productRefGroup = 18A5E62823B0BE3500D33692 /* Products */;
			projectDirPath = "";
			projectRoot = "";
			targets = (
				18A5E62623B0BE3500D33692 /* Custom Music Player */,
			);
		};
/* End PBXProject section */

/* Begin PBXResourcesBuildPhase section */
		18A5E62523B0BE3500D33692 /* Resources */ = {
			isa = PBXResourcesBuildPhase;
			buildActionMask = 2147483647;
			files = (
				181823CC23B48ED700102AF6 /* Nemesis - Kobe (Official)2.mp3 in Resources */,
				18A5E63723B0BE3600D33692 /* LaunchScreen.storyboard in Resources */,
				18A5E63423B0BE3600D33692 /* Assets.xcassets in Resources */,
				18A5E63223B0BE3500D33692 /* Main.storyboard in Resources */,
				1851D02123B1DAE100D6FEDD /* Nemesis - Kobe (Official).mp3 in Resources */,
				181823CB23B48ED700102AF6 /* Nemesis - Kobe (Official)3.mp3 in Resources */,
			);
			runOnlyForDeploymentPostprocessing = 0;
		};
/* End PBXResourcesBuildPhase section */

/* Begin PBXShellScriptBuildPhase section */
		32DE18ECC3222312A77919E7 /* [CP] Embed Pods Frameworks */ = {
			isa = PBXShellScriptBuildPhase;
			buildActionMask = 2147483647;
			files = (
			);
			inputFileListPaths = (
				"${PODS_ROOT}/Target Support Files/Pods-Custom Music Player/Pods-Custom Music Player-frameworks-${CONFIGURATION}-input-files.xcfilelist",
			);
			name = "[CP] Embed Pods Frameworks";
			outputFileListPaths = (
				"${PODS_ROOT}/Target Support Files/Pods-Custom Music Player/Pods-Custom Music Player-frameworks-${CONFIGURATION}-output-files.xcfilelist",
			);
			runOnlyForDeploymentPostprocessing = 0;
			shellPath = /bin/sh;
			shellScript = "\"${PODS_ROOT}/Target Support Files/Pods-Custom Music Player/Pods-Custom Music Player-frameworks.sh\"\n";
			showEnvVarsInLog = 0;
		};
		E0E6B47F9D04F3773F6370E5 /* [CP] Check Pods Manifest.lock */ = {
			isa = PBXShellScriptBuildPhase;
			buildActionMask = 2147483647;
			files = (
			);
			inputFileListPaths = (
			);
			inputPaths = (
				"${PODS_PODFILE_DIR_PATH}/Podfile.lock",
				"${PODS_ROOT}/Manifest.lock",
			);
			name = "[CP] Check Pods Manifest.lock";
			outputFileListPaths = (
			);
			outputPaths = (
				"$(DERIVED_FILE_DIR)/Pods-Custom Music Player-checkManifestLockResult.txt",
			);
			runOnlyForDeploymentPostprocessing = 0;
			shellPath = /bin/sh;
			shellScript = "diff \"${PODS_PODFILE_DIR_PATH}/Podfile.lock\" \"${PODS_ROOT}/Manifest.lock\" > /dev/null\nif [ $? != 0 ] ; then\n    # print error to STDERR\n    echo \"error: The sandbox is not in sync with the Podfile.lock. Run 'pod install' or update your CocoaPods installation.\" >&2\n    exit 1\nfi\n# This output is used by Xcode 'outputs' to avoid re-running this script phase.\necho \"SUCCESS\" > \"${SCRIPT_OUTPUT_FILE_0}\"\n";
			showEnvVarsInLog = 0;
		};
/* End PBXShellScriptBuildPhase section */

/* Begin PBXSourcesBuildPhase section */
		18A5E62323B0BE3500D33692 /* Sources */ = {
			isa = PBXSourcesBuildPhase;
			buildActionMask = 2147483647;
			files = (
				18A5E62F23B0BE3500D33692 /* MusicPlayerViewController.swift in Sources */,
				186E8D0123B9A6FE006CC685 /* DropboxHandler.swift in Sources */,
				187CEB6E23B47E9200A5E1B4 /* SongListViewControllerHelper.swift in Sources */,
				1858D46E23B607E200938481 /* GlobalVariables.swift in Sources */,
				181823CE23B4AF2000102AF6 /* SongDataModel.swift in Sources */,
				187CEB6823B462BE00A5E1B4 /* SongListViewController.swift in Sources */,
				187CEB6C23B4636900A5E1B4 /* SongTableViewCell.swift in Sources */,
				18A5E62B23B0BE3500D33692 /* AppDelegate.swift in Sources */,
				18A5E62D23B0BE3500D33692 /* SceneDelegate.swift in Sources */,
			);
			runOnlyForDeploymentPostprocessing = 0;
		};
/* End PBXSourcesBuildPhase section */

/* Begin PBXVariantGroup section */
		18A5E63023B0BE3500D33692 /* Main.storyboard */ = {
			isa = PBXVariantGroup;
			children = (
				18A5E63123B0BE3500D33692 /* Base */,
			);
			name = Main.storyboard;
			sourceTree = "<group>";
		};
		18A5E63523B0BE3600D33692 /* LaunchScreen.storyboard */ = {
			isa = PBXVariantGroup;
			children = (
				18A5E63623B0BE3600D33692 /* Base */,
			);
			name = LaunchScreen.storyboard;
			sourceTree = "<group>";
		};
/* End PBXVariantGroup section */

/* Begin XCBuildConfiguration section */
		18A5E63923B0BE3600D33692 /* Debug */ = {
			isa = XCBuildConfiguration;
			buildSettings = {
				ALWAYS_SEARCH_USER_PATHS = NO;
				CLANG_ANALYZER_NONNULL = YES;
				CLANG_ANALYZER_NUMBER_OBJECT_CONVERSION = YES_AGGRESSIVE;
				CLANG_CXX_LANGUAGE_STANDARD = "gnu++14";
				CLANG_CXX_LIBRARY = "libc++";
				CLANG_ENABLE_MODULES = YES;
				CLANG_ENABLE_OBJC_ARC = YES;
				CLANG_ENABLE_OBJC_WEAK = YES;
				CLANG_WARN_BLOCK_CAPTURE_AUTORELEASING = YES;
				CLANG_WARN_BOOL_CONVERSION = YES;
				CLANG_WARN_COMMA = YES;
				CLANG_WARN_CONSTANT_CONVERSION = YES;
				CLANG_WARN_DEPRECATED_OBJC_IMPLEMENTATIONS = YES;
				CLANG_WARN_DIRECT_OBJC_ISA_USAGE = YES_ERROR;
				CLANG_WARN_DOCUMENTATION_COMMENTS = YES;
				CLANG_WARN_EMPTY_BODY = YES;
				CLANG_WARN_ENUM_CONVERSION = YES;
				CLANG_WARN_INFINITE_RECURSION = YES;
				CLANG_WARN_INT_CONVERSION = YES;
				CLANG_WARN_NON_LITERAL_NULL_CONVERSION = YES;
				CLANG_WARN_OBJC_IMPLICIT_RETAIN_SELF = YES;
				CLANG_WARN_OBJC_LITERAL_CONVERSION = YES;
				CLANG_WARN_OBJC_ROOT_CLASS = YES_ERROR;
				CLANG_WARN_RANGE_LOOP_ANALYSIS = YES;
				CLANG_WARN_STRICT_PROTOTYPES = YES;
				CLANG_WARN_SUSPICIOUS_MOVE = YES;
				CLANG_WARN_UNGUARDED_AVAILABILITY = YES_AGGRESSIVE;
				CLANG_WARN_UNREACHABLE_CODE = YES;
				CLANG_WARN__DUPLICATE_METHOD_MATCH = YES;
				COPY_PHASE_STRIP = NO;
				DEBUG_INFORMATION_FORMAT = dwarf;
				ENABLE_STRICT_OBJC_MSGSEND = YES;
				ENABLE_TESTABILITY = YES;
				GCC_C_LANGUAGE_STANDARD = gnu11;
				GCC_DYNAMIC_NO_PIC = NO;
				GCC_NO_COMMON_BLOCKS = YES;
				GCC_OPTIMIZATION_LEVEL = 0;
				GCC_PREPROCESSOR_DEFINITIONS = (
					"DEBUG=1",
					"$(inherited)",
				);
				GCC_WARN_64_TO_32_BIT_CONVERSION = YES;
				GCC_WARN_ABOUT_RETURN_TYPE = YES_ERROR;
				GCC_WARN_UNDECLARED_SELECTOR = YES;
				GCC_WARN_UNINITIALIZED_AUTOS = YES_AGGRESSIVE;
				GCC_WARN_UNUSED_FUNCTION = YES;
				GCC_WARN_UNUSED_VARIABLE = YES;
				IPHONEOS_DEPLOYMENT_TARGET = 13.0;
				MTL_ENABLE_DEBUG_INFO = INCLUDE_SOURCE;
				MTL_FAST_MATH = YES;
				ONLY_ACTIVE_ARCH = YES;
				SDKROOT = iphoneos;
				SWIFT_ACTIVE_COMPILATION_CONDITIONS = DEBUG;
				SWIFT_OPTIMIZATION_LEVEL = "-Onone";
			};
			name = Debug;
		};
		18A5E63A23B0BE3600D33692 /* Release */ = {
			isa = XCBuildConfiguration;
			buildSettings = {
				ALWAYS_SEARCH_USER_PATHS = NO;
				CLANG_ANALYZER_NONNULL = YES;
				CLANG_ANALYZER_NUMBER_OBJECT_CONVERSION = YES_AGGRESSIVE;
				CLANG_CXX_LANGUAGE_STANDARD = "gnu++14";
				CLANG_CXX_LIBRARY = "libc++";
				CLANG_ENABLE_MODULES = YES;
				CLANG_ENABLE_OBJC_ARC = YES;
				CLANG_ENABLE_OBJC_WEAK = YES;
				CLANG_WARN_BLOCK_CAPTURE_AUTORELEASING = YES;
				CLANG_WARN_BOOL_CONVERSION = YES;
				CLANG_WARN_COMMA = YES;
				CLANG_WARN_CONSTANT_CONVERSION = YES;
				CLANG_WARN_DEPRECATED_OBJC_IMPLEMENTATIONS = YES;
				CLANG_WARN_DIRECT_OBJC_ISA_USAGE = YES_ERROR;
				CLANG_WARN_DOCUMENTATION_COMMENTS = YES;
				CLANG_WARN_EMPTY_BODY = YES;
				CLANG_WARN_ENUM_CONVERSION = YES;
				CLANG_WARN_INFINITE_RECURSION = YES;
				CLANG_WARN_INT_CONVERSION = YES;
				CLANG_WARN_NON_LITERAL_NULL_CONVERSION = YES;
				CLANG_WARN_OBJC_IMPLICIT_RETAIN_SELF = YES;
				CLANG_WARN_OBJC_LITERAL_CONVERSION = YES;
				CLANG_WARN_OBJC_ROOT_CLASS = YES_ERROR;
				CLANG_WARN_RANGE_LOOP_ANALYSIS = YES;
				CLANG_WARN_STRICT_PROTOTYPES = YES;
				CLANG_WARN_SUSPICIOUS_MOVE = YES;
				CLANG_WARN_UNGUARDED_AVAILABILITY = YES_AGGRESSIVE;
				CLANG_WARN_UNREACHABLE_CODE = YES;
				CLANG_WARN__DUPLICATE_METHOD_MATCH = YES;
				COPY_PHASE_STRIP = NO;
				DEBUG_INFORMATION_FORMAT = "dwarf-with-dsym";
				ENABLE_NS_ASSERTIONS = NO;
				ENABLE_STRICT_OBJC_MSGSEND = YES;
				GCC_C_LANGUAGE_STANDARD = gnu11;
				GCC_NO_COMMON_BLOCKS = YES;
				GCC_WARN_64_TO_32_BIT_CONVERSION = YES;
				GCC_WARN_ABOUT_RETURN_TYPE = YES_ERROR;
				GCC_WARN_UNDECLARED_SELECTOR = YES;
				GCC_WARN_UNINITIALIZED_AUTOS = YES_AGGRESSIVE;
				GCC_WARN_UNUSED_FUNCTION = YES;
				GCC_WARN_UNUSED_VARIABLE = YES;
				IPHONEOS_DEPLOYMENT_TARGET = 13.0;
				MTL_ENABLE_DEBUG_INFO = NO;
				MTL_FAST_MATH = YES;
				SDKROOT = iphoneos;
				SWIFT_COMPILATION_MODE = wholemodule;
				SWIFT_OPTIMIZATION_LEVEL = "-O";
				VALIDATE_PRODUCT = YES;
			};
			name = Release;
		};
		18A5E63C23B0BE3600D33692 /* Debug */ = {
			isa = XCBuildConfiguration;
			baseConfigurationReference = 30055FA0B11ACE8B39D31ECB /* Pods-Custom Music Player.debug.xcconfig */;
			buildSettings = {
				ASSETCATALOG_COMPILER_APPICON_NAME = AppIcon;
				CODE_SIGN_STYLE = Automatic;
				INFOPLIST_FILE = "Custom Music Player/Info.plist";
				IPHONEOS_DEPLOYMENT_TARGET = 13.0;
				LD_RUNPATH_SEARCH_PATHS = (
					"$(inherited)",
					"@executable_path/Frameworks",
				);
				PRODUCT_BUNDLE_IDENTIFIER = "com.Tashreque.Custom-Music-Player";
				PRODUCT_NAME = "$(TARGET_NAME)";
				SWIFT_VERSION = 5.0;
				TARGETED_DEVICE_FAMILY = "1,2";
			};
			name = Debug;
		};
		18A5E63D23B0BE3600D33692 /* Release */ = {
			isa = XCBuildConfiguration;
			baseConfigurationReference = 7A58766006DEFED93AC88E3C /* Pods-Custom Music Player.release.xcconfig */;
			buildSettings = {
				ASSETCATALOG_COMPILER_APPICON_NAME = AppIcon;
				CODE_SIGN_STYLE = Automatic;
				INFOPLIST_FILE = "Custom Music Player/Info.plist";
				IPHONEOS_DEPLOYMENT_TARGET = 13.0;
				LD_RUNPATH_SEARCH_PATHS = (
					"$(inherited)",
					"@executable_path/Frameworks",
				);
				PRODUCT_BUNDLE_IDENTIFIER = "com.Tashreque.Custom-Music-Player";
				PRODUCT_NAME = "$(TARGET_NAME)";
				SWIFT_VERSION = 5.0;
				TARGETED_DEVICE_FAMILY = "1,2";
			};
			name = Release;
		};
/* End XCBuildConfiguration section */

/* Begin XCConfigurationList section */
		18A5E62223B0BE3500D33692 /* Build configuration list for PBXProject "Custom Music Player" */ = {
			isa = XCConfigurationList;
			buildConfigurations = (
				18A5E63923B0BE3600D33692 /* Debug */,
				18A5E63A23B0BE3600D33692 /* Release */,
			);
			defaultConfigurationIsVisible = 0;
			defaultConfigurationName = Release;
		};
		18A5E63B23B0BE3600D33692 /* Build configuration list for PBXNativeTarget "Custom Music Player" */ = {
			isa = XCConfigurationList;
			buildConfigurations = (
				18A5E63C23B0BE3600D33692 /* Debug */,
				18A5E63D23B0BE3600D33692 /* Release */,
			);
			defaultConfigurationIsVisible = 0;
			defaultConfigurationName = Release;
		};
/* End XCConfigurationList section */
	};
	rootObject = 18A5E61F23B0BE3500D33692 /* Project object */;
}
